
Microsoft Visual Studio Solution File, Format Version 12.00
# Visual Studio Version 17
VisualStudioVersion = 17.11.35312.102
MinimumVisualStudioVersion = 10.0.40219.1
Project("{FAE04EC0-301F-11D3-BF4B-00C04F79EFBC}") = "ADAlicePOSv10", "ADAlicePOSv10\ADAlicePOSv10.csproj", "{90D717D5-19AE-4E32-B420-021A07565596}"
EndProject
Project("{FAE04EC0-301F-11D3-BF4B-00C04F79EFBC}") = "LicenseGenerator", "LicenseGenerator\LicenseGenerator.csproj", "{8F5A1234-ABCD-4321-9876-FEDCBA987654}"
EndProject
Global
	GlobalSection(SolutionConfigurationPlatforms) = preSolution
		Debug|Any CPU = Debug|Any CPU
		Release|Any CPU = Release|Any CPU
	EndGlobalSection
	GlobalSection(ProjectConfigurationPlatforms) = postSolution
		{90D717D5-19AE-4E32-B420-021A07565596}.Debug|Any CPU.ActiveCfg = Debug|Any CPU
		{90D717D5-19AE-4E32-B420-021A07565596}.Debug|Any CPU.Build.0 = Debug|Any CPU
		{90D717D5-19AE-4E32-B420-021A07565596}.Release|Any CPU.ActiveCfg = Release|Any CPU
		{90D717D5-19AE-4E32-B420-021A07565596}.Release|Any CPU.Build.0 = Release|Any CPU
		{8F5A1234-ABCD-4321-9876-FEDCBA987654}.Debug|Any CPU.ActiveCfg = Debug|Any CPU
		{8F5A1234-ABCD-4321-9876-FEDCBA987654}.Debug|Any CPU.Build.0 = Debug|Any CPU
		{8F5A1234-ABCD-4321-9876-FEDCBA987654}.Release|Any CPU.ActiveCfg = Release|Any CPU
		{8F5A1234-ABCD-4321-9876-FEDCBA987654}.Release|Any CPU.Build.0 = Release|Any CPU
	EndGlobalSection
	GlobalSection(SolutionProperties) = preSolution
		HideSolutionNode = FALSE
	EndGlobalSection
	GlobalSection(ExtensibilityGlobals) = postSolution
		SolutionGuid = {9E09D76C-4125-426C-83CE-4BF8423FCC9F}
	EndGlobalSection
EndGlobal
